
Microsoft Visual Studio Solution File, Format Version 12.00
# Visual Studio Version 17
VisualStudioVersion = 17.7.34009.444
MinimumVisualStudioVersion = 10.0.40219.1
Project("{FAE04EC0-301F-11D3-BF4B-00C04F79EFBC}") = "BookShop", "BookShop\BookShop.csproj", "{7E40C48E-7CF3-4A1D-B2D8-1B13D3D9B5D5}"
EndProject
Global
	GlobalSection(SolutionConfigurationPlatforms) = preSolution
		Debug|Any CPU = Debug|Any CPU
		Release|Any CPU = Release|Any CPU
	EndGlobalSection
	GlobalSection(ProjectConfigurationPlatforms) = postSolution
		{7E40C48E-7CF3-4A1D-B2D8-1B13D3D9B5D5}.Debug|Any CPU.ActiveCfg = Debug|Any CPU
		{7E40C48E-7CF3-4A1D-B2D8-1B13D3D9B5D5}.Debug|Any CPU.Build.0 = Debug|Any CPU
		{7E40C48E-7CF3-4A1D-B2D8-1B13D3D9B5D5}.Release|Any CPU.ActiveCfg = Release|Any CPU
		{7E40C48E-7CF3-4A1D-B2D8-1B13D3D9B5D5}.Release|Any CPU.Build.0 = Release|Any CPU
	EndGlobalSection
	GlobalSection(SolutionProperties) = preSolution
		HideSolutionNode = FALSE
	EndGlobalSection
	GlobalSection(ExtensibilityGlobals) = postSolution
		SolutionGuid = {A4AB667B-CB00-47A4-AB73-3B42399AE187}
	EndGlobalSection
EndGlobal
